{
  "name": "utools-any-rule",
  "version": "1.0.0",
  "lockfileVersion": 2,
  "requires": true,
  "packages": {
    "": {
      "name": "utools-any-rule",
      "version": "1.0.0",
      "devDependencies": {
        "@types/node": "^18.7.6",
        "utools-api-types": "^3.0.0"
      }
    },
    "node_modules/@types/node": {
      "version": "18.7.6",
      "resolved": "https://registry.npmmirror.com/@types/node/-/node-18.7.6.tgz",
      "integrity": "sha512-EdxgKRXgYsNITy5mjjXjVE/CS8YENSdhiagGrLqjG0pvA2owgJ6i4l7wy/PFZGC0B1/H20lWKN7ONVDNYDZm7A==",
      "dev": true
    },
    "node_modules/utools-api-types": {
      "version": "3.0.0",
      "resolved": "https://registry.npmmirror.com/utools-api-types/-/utools-api-types-3.0.0.tgz",
      "integrity": "sha512-KJYytaX/cnxRTm+fBKeDAV6PhE1Emrv4bZm/6pigVhxEM4StAy8UFGyo22bVARSRIUUxbEdtWIo6O7qmEGnv5A==",
      "dev": true
    }
  },
  "dependencies": {
    "@types/node": {
      "version": "18.7.6",
      "resolved": "https://registry.npmmirror.com/@types/node/-/node-18.7.6.tgz",
      "integrity": "sha512-EdxgKRXgYsNITy5mjjXjVE/CS8YENSdhiagGrLqjG0pvA2owgJ6i4l7wy/PFZGC0B1/H20lWKN7ONVDNYDZm7A==",
      "dev": true
    },
    "utools-api-types": {
      "version": "3.0.0",
      "resolved": "https://registry.npmmirror.com/utools-api-types/-/utools-api-types-3.0.0.tgz",
      "integrity": "sha512-KJYytaX/cnxRTm+fBKeDAV6PhE1Emrv4bZm/6pigVhxEM4StAy8UFGyo22bVARSRIUUxbEdtWIo6O7qmEGnv5A==",
      "dev": true
    }
  }
}
